
Microsoft Visual Studio Solution File, Format Version 12.00
# Visual Studio Version 16
VisualStudioVersion = 16.0.29709.97
MinimumVisualStudioVersion = 10.0.40219.1
Project("{FAE04EC0-301F-11D3-BF4B-00C04F79EFBC}") = "AhojSveteWPF", "AhojSveteWPF\AhojSveteWPF.csproj", "{38862414-F40B-41B1-B620-F34FAD6C1952}"
EndProject
Global
	GlobalSection(SolutionConfigurationPlatforms) = preSolution
		Debug|Any CPU = Debug|Any CPU
		Release|Any CPU = Release|Any CPU
	EndGlobalSection
	GlobalSection(ProjectConfigurationPlatforms) = postSolution
		{38862414-F40B-41B1-B620-F34FAD6C1952}.Debug|Any CPU.ActiveCfg = Debug|Any CPU
		{38862414-F40B-41B1-B620-F34FAD6C1952}.Debug|Any CPU.Build.0 = Debug|Any CPU
		{38862414-F40B-41B1-B620-F34FAD6C1952}.Release|Any CPU.ActiveCfg = Release|Any CPU
		{38862414-F40B-41B1-B620-F34FAD6C1952}.Release|Any CPU.Build.0 = Release|Any CPU
	EndGlobalSection
	GlobalSection(SolutionProperties) = preSolution
		HideSolutionNode = FALSE
	EndGlobalSection
	GlobalSection(ExtensibilityGlobals) = postSolution
		SolutionGuid = {4EB41481-6BE1-4B6E-9C47-6220F5912C4A}
	EndGlobalSection
EndGlobal
